PODS:
  - Flutter (1.0.0)
  - integration_test (0.0.1):
    - Flutter
  - PerimeterX (3.2.5)
  - perimeterx_flutter_plugin (0.0.1):
    - Flutter
    - PerimeterX (= 3.2.5)

DEPENDENCIES:
  - Flutter (from `Flutter`)
  - integration_test (from `.symlinks/plugins/integration_test/ios`)
  - perimeterx_flutter_plugin (from `.symlinks/plugins/perimeterx_flutter_plugin/ios`)

SPEC REPOS:
  trunk:
    - PerimeterX

EXTERNAL SOURCES:
  Flutter:
    :path: Flutter
  integration_test:
    :path: ".symlinks/plugins/integration_test/ios"
  perimeterx_flutter_plugin:
    :path: ".symlinks/plugins/perimeterx_flutter_plugin/ios"

SPEC CHECKSUMS:
  Flutter: e0871f40cf51350855a761d2e70bf5af5b9b5de7
  integration_test: ce0a3ffa1de96d1a89ca0ac26fca7ea18a749ef4
  PerimeterX: c26f66ddfbdd2532923c0d86cd06bb3df50f77fb
  perimeterx_flutter_plugin: 2b7dbbf00454537b125ba651684172934c202f69

PODFILE CHECKSUM: 499e9c5288fac6076661052ba6be63a8c61bce0e

COCOAPODS: 1.15.2
